
Microsoft Visual Studio Solution File, Format Version 12.00
# Visual Studio Version 16
VisualStudioVersion = 16.0.34114.132
MinimumVisualStudioVersion = 10.0.40219.1
Project("{FAE04EC0-301F-11D3-BF4B-00C04F79EFBC}") = "WebApplication1", "WebApplication1.csproj", "{DFBDAD3D-F6EF-465F-8344-D6190D93CA61}"
EndProject
Global
	GlobalSection(SolutionConfigurationPlatforms) = preSolution
		Debug|Any CPU = Debug|Any CPU
		Release|Any CPU = Release|Any CPU
	EndGlobalSection
	GlobalSection(ProjectConfigurationPlatforms) = postSolution
		{DFBDAD3D-F6EF-465F-8344-D6190D93CA61}.Debug|Any CPU.ActiveCfg = Debug|Any CPU
		{DFBDAD3D-F6EF-465F-8344-D6190D93CA61}.Debug|Any CPU.Build.0 = Debug|Any CPU
		{DFBDAD3D-F6EF-465F-8344-D6190D93CA61}.Release|Any CPU.ActiveCfg = Release|Any CPU
		{DFBDAD3D-F6EF-465F-8344-D6190D93CA61}.Release|Any CPU.Build.0 = Release|Any CPU
	EndGlobalSection
	GlobalSection(SolutionProperties) = preSolution
		HideSolutionNode = FALSE
	EndGlobalSection
	GlobalSection(ExtensibilityGlobals) = postSolution
		SolutionGuid = {BDA2FCEF-22DF-4784-87A3-C9FC8DEA681B}
	EndGlobalSection
EndGlobal
